
Microsoft Visual Studio Solution File, Format Version 12.00
# Visual Studio Version 17
VisualStudioVersion = 17.3.32922.545
MinimumVisualStudioVersion = 10.0.40219.1
Project("{9A19103F-16F7-4668-BE54-9A1E7A4F7556}") = "TRINV.InvestTrackApplication", "TRINV.InvestTrackApplication.csproj", "{93DD6D28-77EB-4A9C-BE91-2A5153C229DE}"
EndProject
Project("{FAE04EC0-301F-11D3-BF4B-00C04F79EFBC}") = "TRINV.Domain", "..\TRINV.Domain\TRINV.Domain.csproj", "{A4A9E009-34B7-464F-A1BE-8FF5130CA37C}"
EndProject
Project("{FAE04EC0-301F-11D3-BF4B-00C04F79EFBC}") = "TRINV.Application", "..\TRINV.Application\TRINV.Application.csproj", "{C9C9C6CB-6322-4842-A122-9B189E284AD5}"
EndProject
Project("{FAE04EC0-301F-11D3-BF4B-00C04F79EFBC}") = "TRINV.Infrastructure", "..\TRINV.Infrastructure\TRINV.Infrastructure.csproj", "{FA81509D-F51A-494F-9FBE-4BD27027030B}"
EndProject
Global
	GlobalSection(SolutionConfigurationPlatforms) = preSolution
		Debug|Any CPU = Debug|Any CPU
		Release|Any CPU = Release|Any CPU
	EndGlobalSection
	GlobalSection(ProjectConfigurationPlatforms) = postSolution
		{93DD6D28-77EB-4A9C-BE91-2A5153C229DE}.Debug|Any CPU.ActiveCfg = Debug|Any CPU
		{93DD6D28-77EB-4A9C-BE91-2A5153C229DE}.Debug|Any CPU.Build.0 = Debug|Any CPU
		{93DD6D28-77EB-4A9C-BE91-2A5153C229DE}.Release|Any CPU.ActiveCfg = Release|Any CPU
		{93DD6D28-77EB-4A9C-BE91-2A5153C229DE}.Release|Any CPU.Build.0 = Release|Any CPU
		{A4A9E009-34B7-464F-A1BE-8FF5130CA37C}.Debug|Any CPU.ActiveCfg = Debug|Any CPU
		{A4A9E009-34B7-464F-A1BE-8FF5130CA37C}.Debug|Any CPU.Build.0 = Debug|Any CPU
		{A4A9E009-34B7-464F-A1BE-8FF5130CA37C}.Release|Any CPU.ActiveCfg = Release|Any CPU
		{A4A9E009-34B7-464F-A1BE-8FF5130CA37C}.Release|Any CPU.Build.0 = Release|Any CPU
		{C9C9C6CB-6322-4842-A122-9B189E284AD5}.Debug|Any CPU.ActiveCfg = Debug|Any CPU
		{C9C9C6CB-6322-4842-A122-9B189E284AD5}.Debug|Any CPU.Build.0 = Debug|Any CPU
		{C9C9C6CB-6322-4842-A122-9B189E284AD5}.Release|Any CPU.ActiveCfg = Release|Any CPU
		{C9C9C6CB-6322-4842-A122-9B189E284AD5}.Release|Any CPU.Build.0 = Release|Any CPU
		{FA81509D-F51A-494F-9FBE-4BD27027030B}.Debug|Any CPU.ActiveCfg = Debug|Any CPU
		{FA81509D-F51A-494F-9FBE-4BD27027030B}.Debug|Any CPU.Build.0 = Debug|Any CPU
		{FA81509D-F51A-494F-9FBE-4BD27027030B}.Release|Any CPU.ActiveCfg = Release|Any CPU
		{FA81509D-F51A-494F-9FBE-4BD27027030B}.Release|Any CPU.Build.0 = Release|Any CPU
	EndGlobalSection
	GlobalSection(SolutionProperties) = preSolution
		HideSolutionNode = FALSE
	EndGlobalSection
	GlobalSection(ExtensibilityGlobals) = postSolution
		SolutionGuid = {8DF89AAC-FFA9-4F77-A802-F6103DB5C333}
	EndGlobalSection
EndGlobal
