
Microsoft Visual Studio Solution File, Format Version 12.00
# Visual Studio Version 17
VisualStudioVersion = 17.5.002.0
MinimumVisualStudioVersion = 10.0.40219.1
Project("{9A19103F-16F7-4668-BE54-9A1E7A4F7556}") = "TRINV.IdentityServer", "TRINV.IdentityServer.csproj", "{2DE15745-B559-4329-AC16-EDBC71340987}"
EndProject
Global
	GlobalSection(SolutionConfigurationPlatforms) = preSolution
		Debug|Any CPU = Debug|Any CPU
		Release|Any CPU = Release|Any CPU
	EndGlobalSection
	GlobalSection(ProjectConfigurationPlatforms) = postSolution
		{2DE15745-B559-4329-AC16-EDBC71340987}.Debug|Any CPU.ActiveCfg = Debug|Any CPU
		{2DE15745-B559-4329-AC16-EDBC71340987}.Debug|Any CPU.Build.0 = Debug|Any CPU
		{2DE15745-B559-4329-AC16-EDBC71340987}.Release|Any CPU.ActiveCfg = Release|Any CPU
		{2DE15745-B559-4329-AC16-EDBC71340987}.Release|Any CPU.Build.0 = Release|Any CPU
	EndGlobalSection
	GlobalSection(SolutionProperties) = preSolution
		HideSolutionNode = FALSE
	EndGlobalSection
	GlobalSection(ExtensibilityGlobals) = postSolution
		SolutionGuid = {7AA5BC98-F0E8-4BEB-9B9D-7ADF1595688E}
	EndGlobalSection
EndGlobal
