
Microsoft Visual Studio Solution File, Format Version 12.00
# Visual Studio Version 17
VisualStudioVersion = 17.3.32922.545
MinimumVisualStudioVersion = 10.0.40219.1
Project("{9A19103F-16F7-4668-BE54-9A1E7A4F7556}") = "TRINV.IdentityServer", "TRINV.IdentityServer\TRINV.IdentityServer.csproj", "{6FA92D8F-F560-4E62-B7F1-9F695314F9E8}"
EndProject
Project("{9A19103F-16F7-4668-BE54-9A1E7A4F7556}") = "TRINV.Shared.Business", "..\..\TRINV.Shared\TRINV.Shared.Business\TRINV.Shared.Business.csproj", "{2DE91E86-49E4-4ACB-BDC4-5CB23A1DF053}"
EndProject
Global
	GlobalSection(SolutionConfigurationPlatforms) = preSolution
		Debug|Any CPU = Debug|Any CPU
		Release|Any CPU = Release|Any CPU
	EndGlobalSection
	GlobalSection(ProjectConfigurationPlatforms) = postSolution
		{6FA92D8F-F560-4E62-B7F1-9F695314F9E8}.Debug|Any CPU.ActiveCfg = Debug|Any CPU
		{6FA92D8F-F560-4E62-B7F1-9F695314F9E8}.Debug|Any CPU.Build.0 = Debug|Any CPU
		{6FA92D8F-F560-4E62-B7F1-9F695314F9E8}.Release|Any CPU.ActiveCfg = Release|Any CPU
		{6FA92D8F-F560-4E62-B7F1-9F695314F9E8}.Release|Any CPU.Build.0 = Release|Any CPU
		{2DE91E86-49E4-4ACB-BDC4-5CB23A1DF053}.Debug|Any CPU.ActiveCfg = Debug|Any CPU
		{2DE91E86-49E4-4ACB-BDC4-5CB23A1DF053}.Debug|Any CPU.Build.0 = Debug|Any CPU
		{2DE91E86-49E4-4ACB-BDC4-5CB23A1DF053}.Release|Any CPU.ActiveCfg = Release|Any CPU
		{2DE91E86-49E4-4ACB-BDC4-5CB23A1DF053}.Release|Any CPU.Build.0 = Release|Any CPU
	EndGlobalSection
	GlobalSection(SolutionProperties) = preSolution
		HideSolutionNode = FALSE
	EndGlobalSection
	GlobalSection(ExtensibilityGlobals) = postSolution
		SolutionGuid = {A3CA4A4E-6668-4D0A-9D61-6AB49CFFB9D7}
	EndGlobalSection
EndGlobal
